
Microsoft Visual Studio Solution File, Format Version 12.00
# Visual Studio 15
VisualStudioVersion = 15.0.28010.2041
MinimumVisualStudioVersion = 10.0.40219.1
Project("{FAE04EC0-301F-11D3-BF4B-00C04F79EFBC}") = "OrderManager", "OrderManager\OrderManager.csproj", "{4ADA8C5B-95F4-4497-837E-14FD75CCC648}"
EndProject
Global
	GlobalSection(SolutionConfigurationPlatforms) = preSolution
		Debug|Any CPU = Debug|Any CPU
		Release|Any CPU = Release|Any CPU
	EndGlobalSection
	GlobalSection(ProjectConfigurationPlatforms) = postSolution
		{4ADA8C5B-95F4-4497-837E-14FD75CCC648}.Debug|Any CPU.ActiveCfg = Debug|Any CPU
		{4ADA8C5B-95F4-4497-837E-14FD75CCC648}.Debug|Any CPU.Build.0 = Debug|Any CPU
		{4ADA8C5B-95F4-4497-837E-14FD75CCC648}.Release|Any CPU.ActiveCfg = Release|Any CPU
		{4ADA8C5B-95F4-4497-837E-14FD75CCC648}.Release|Any CPU.Build.0 = Release|Any CPU
	EndGlobalSection
	GlobalSection(SolutionProperties) = preSolution
		HideSolutionNode = FALSE
	EndGlobalSection
	GlobalSection(ExtensibilityGlobals) = postSolution
		SolutionGuid = {1D6FA137-EA9C-4DD2-A94E-B0BF9357EAAE}
	EndGlobalSection
EndGlobal
